
Microsoft Visual Studio Solution File, Format Version 12.00
# Visual Studio Version 16
VisualStudioVersion = 16.0.30406.217
MinimumVisualStudioVersion = 10.0.40219.1
Project("{9A19103F-16F7-4668-BE54-9A1E7A4F7556}") = "Topicos.Calentamiento", "Topicos.Calentamiento\Topicos.Calentamiento.csproj", "{90E8AAAA-9448-44B3-8457-847682017570}"
EndProject
Project("{9A19103F-16F7-4668-BE54-9A1E7A4F7556}") = "Topicos.Utilitarios", "Topicos.Utilitarios\Topicos.Utilitarios.csproj", "{80676043-C4E2-4101-99BD-067CDC784851}"
EndProject
Project("{9A19103F-16F7-4668-BE54-9A1E7A4F7556}") = "Topicos.NorthWind.BaseDatos", "Topicos.NorthWind.BaseDatos\Topicos.NorthWind.BaseDatos.csproj", "{361EDE3D-6078-43B1-A1C8-806750D6F5CE}"
EndProject
Project("{FAE04EC0-301F-11D3-BF4B-00C04F79EFBC}") = "Topicos.NorthWInd.BL", "Topicos.NorthWInd.BL\Topicos.NorthWInd.BL.csproj", "{2765678C-483C-45D3-A24D-769C29775EA2}"
EndProject
Global
	GlobalSection(SolutionConfigurationPlatforms) = preSolution
		Debug|Any CPU = Debug|Any CPU
		Release|Any CPU = Release|Any CPU
	EndGlobalSection
	GlobalSection(ProjectConfigurationPlatforms) = postSolution
		{90E8AAAA-9448-44B3-8457-847682017570}.Debug|Any CPU.ActiveCfg = Debug|Any CPU
		{90E8AAAA-9448-44B3-8457-847682017570}.Debug|Any CPU.Build.0 = Debug|Any CPU
		{90E8AAAA-9448-44B3-8457-847682017570}.Release|Any CPU.ActiveCfg = Release|Any CPU
		{90E8AAAA-9448-44B3-8457-847682017570}.Release|Any CPU.Build.0 = Release|Any CPU
		{80676043-C4E2-4101-99BD-067CDC784851}.Debug|Any CPU.ActiveCfg = Debug|Any CPU
		{80676043-C4E2-4101-99BD-067CDC784851}.Debug|Any CPU.Build.0 = Debug|Any CPU
		{80676043-C4E2-4101-99BD-067CDC784851}.Release|Any CPU.ActiveCfg = Release|Any CPU
		{80676043-C4E2-4101-99BD-067CDC784851}.Release|Any CPU.Build.0 = Release|Any CPU
		{361EDE3D-6078-43B1-A1C8-806750D6F5CE}.Debug|Any CPU.ActiveCfg = Debug|Any CPU
		{361EDE3D-6078-43B1-A1C8-806750D6F5CE}.Debug|Any CPU.Build.0 = Debug|Any CPU
		{361EDE3D-6078-43B1-A1C8-806750D6F5CE}.Release|Any CPU.ActiveCfg = Release|Any CPU
		{361EDE3D-6078-43B1-A1C8-806750D6F5CE}.Release|Any CPU.Build.0 = Release|Any CPU
		{2765678C-483C-45D3-A24D-769C29775EA2}.Debug|Any CPU.ActiveCfg = Debug|Any CPU
		{2765678C-483C-45D3-A24D-769C29775EA2}.Debug|Any CPU.Build.0 = Debug|Any CPU
		{2765678C-483C-45D3-A24D-769C29775EA2}.Release|Any CPU.ActiveCfg = Release|Any CPU
		{2765678C-483C-45D3-A24D-769C29775EA2}.Release|Any CPU.Build.0 = Release|Any CPU
	EndGlobalSection
	GlobalSection(SolutionProperties) = preSolution
		HideSolutionNode = FALSE
	EndGlobalSection
	GlobalSection(ExtensibilityGlobals) = postSolution
		SolutionGuid = {11CB0499-278A-4EBD-8EA9-D9C8E6692483}
	EndGlobalSection
EndGlobal
